
Microsoft Visual Studio Solution File, Format Version 12.00
# Visual Studio Version 16
VisualStudioVersion = 16.0.30611.23
MinimumVisualStudioVersion = 10.0.40219.1
Project("{FAE04EC0-301F-11D3-BF4B-00C04F79EFBC}") = "lecture4.1", "lecture4.1.csproj", "{B4180C6A-6135-43FA-A2B4-2204EDCA3EEE}"
EndProject
Global
	GlobalSection(SolutionConfigurationPlatforms) = preSolution
		Debug|Any CPU = Debug|Any CPU
		Release|Any CPU = Release|Any CPU
	EndGlobalSection
	GlobalSection(ProjectConfigurationPlatforms) = postSolution
		{B4180C6A-6135-43FA-A2B4-2204EDCA3EEE}.Debug|Any CPU.ActiveCfg = Debug|Any CPU
		{B4180C6A-6135-43FA-A2B4-2204EDCA3EEE}.Debug|Any CPU.Build.0 = Debug|Any CPU
		{B4180C6A-6135-43FA-A2B4-2204EDCA3EEE}.Release|Any CPU.ActiveCfg = Release|Any CPU
		{B4180C6A-6135-43FA-A2B4-2204EDCA3EEE}.Release|Any CPU.Build.0 = Release|Any CPU
	EndGlobalSection
	GlobalSection(SolutionProperties) = preSolution
		HideSolutionNode = FALSE
	EndGlobalSection
	GlobalSection(ExtensibilityGlobals) = postSolution
		SolutionGuid = {485351B8-D3C9-48E6-A486-02B1678BDEE1}
	EndGlobalSection
EndGlobal
